
Microsoft Visual Studio Solution File, Format Version 12.00
# Visual Studio Version 17
VisualStudioVersion = 17.6.33829.357
MinimumVisualStudioVersion = 10.0.40219.1
Project("{FAE04EC0-301F-11D3-BF4B-00C04F79EFBC}") = "ConsoleApp1", "ConsoleApp1\ConsoleApp1.csproj", "{5FAA1716-9682-4468-8AD3-B0177448CFFE}"
EndProject
Project("{FAE04EC0-301F-11D3-BF4B-00C04F79EFBC}") = "WpfApp1", "WpfApp1\WpfApp1.csproj", "{AB8CEB78-2BAC-47EA-B5B5-4DCB725F6F6A}"
EndProject
Global
	GlobalSection(SolutionConfigurationPlatforms) = preSolution
		Debug|Any CPU = Debug|Any CPU
		Release|Any CPU = Release|Any CPU
	EndGlobalSection
	GlobalSection(ProjectConfigurationPlatforms) = postSolution
		{5FAA1716-9682-4468-8AD3-B0177448CFFE}.Debug|Any CPU.ActiveCfg = Debug|Any CPU
		{5FAA1716-9682-4468-8AD3-B0177448CFFE}.Debug|Any CPU.Build.0 = Debug|Any CPU
		{5FAA1716-9682-4468-8AD3-B0177448CFFE}.Release|Any CPU.ActiveCfg = Release|Any CPU
		{5FAA1716-9682-4468-8AD3-B0177448CFFE}.Release|Any CPU.Build.0 = Release|Any CPU
		{AB8CEB78-2BAC-47EA-B5B5-4DCB725F6F6A}.Debug|Any CPU.ActiveCfg = Debug|Any CPU
		{AB8CEB78-2BAC-47EA-B5B5-4DCB725F6F6A}.Debug|Any CPU.Build.0 = Debug|Any CPU
		{AB8CEB78-2BAC-47EA-B5B5-4DCB725F6F6A}.Release|Any CPU.ActiveCfg = Release|Any CPU
		{AB8CEB78-2BAC-47EA-B5B5-4DCB725F6F6A}.Release|Any CPU.Build.0 = Release|Any CPU
	EndGlobalSection
	GlobalSection(SolutionProperties) = preSolution
		HideSolutionNode = FALSE
	EndGlobalSection
	GlobalSection(ExtensibilityGlobals) = postSolution
		SolutionGuid = {59FC4E5D-104C-4B86-B95A-8AE929354080}
	EndGlobalSection
EndGlobal
